
Microsoft Visual Studio Solution File, Format Version 12.00
# Visual Studio 2012
Project("{FAE04EC0-301F-11D3-BF4B-00C04F79EFBC}") = "HtmlSnapshot", "HtmlSnapshot\HtmlSnapshot.csproj", "{247AAFDA-06DC-4BB2-B326-866B469A0BAB}"
EndProject
Project("{2150E333-8FDC-42A3-9474-1A3956D46DE8}") = "Samples", "Samples", "{3DE1AAB6-4E2C-4A63-9524-A262E94824F6}"
EndProject
Project("{FAE04EC0-301F-11D3-BF4B-00C04F79EFBC}") = "MvcDefaultTemplate", "MvcDefaultTemplate\MvcDefaultTemplate.csproj", "{DE2AA3D7-5FC8-400E-BD3E-D14F0CA9D287}"
EndProject
Global
	GlobalSection(SolutionConfigurationPlatforms) = preSolution
		Debug|Any CPU = Debug|Any CPU
		Release|Any CPU = Release|Any CPU
	EndGlobalSection
	GlobalSection(ProjectConfigurationPlatforms) = postSolution
		{247AAFDA-06DC-4BB2-B326-866B469A0BAB}.Debug|Any CPU.ActiveCfg = Debug|Any CPU
		{247AAFDA-06DC-4BB2-B326-866B469A0BAB}.Debug|Any CPU.Build.0 = Debug|Any CPU
		{247AAFDA-06DC-4BB2-B326-866B469A0BAB}.Release|Any CPU.ActiveCfg = Release|Any CPU
		{247AAFDA-06DC-4BB2-B326-866B469A0BAB}.Release|Any CPU.Build.0 = Release|Any CPU
		{DE2AA3D7-5FC8-400E-BD3E-D14F0CA9D287}.Debug|Any CPU.ActiveCfg = Debug|Any CPU
		{DE2AA3D7-5FC8-400E-BD3E-D14F0CA9D287}.Debug|Any CPU.Build.0 = Debug|Any CPU
		{DE2AA3D7-5FC8-400E-BD3E-D14F0CA9D287}.Release|Any CPU.ActiveCfg = Release|Any CPU
		{DE2AA3D7-5FC8-400E-BD3E-D14F0CA9D287}.Release|Any CPU.Build.0 = Release|Any CPU
	EndGlobalSection
	GlobalSection(SolutionProperties) = preSolution
		HideSolutionNode = FALSE
	EndGlobalSection
	GlobalSection(NestedProjects) = preSolution
		{DE2AA3D7-5FC8-400E-BD3E-D14F0CA9D287} = {3DE1AAB6-4E2C-4A63-9524-A262E94824F6}
	EndGlobalSection
EndGlobal
